
Microsoft Visual Studio Solution File, Format Version 12.00
# Visual Studio 15
VisualStudioVersion = 15.0.28307.329
MinimumVisualStudioVersion = 10.0.40219.1
Project("{FAE04EC0-301F-11D3-BF4B-00C04F79EFBC}") = "OwinAuthenticationDemo", "OwinAuthenticationDemo\OwinAuthenticationDemo.csproj", "{9A071FD2-1868-4A50-A5F3-DD18BA40BD81}"
EndProject
Project("{FAE04EC0-301F-11D3-BF4B-00C04F79EFBC}") = "OwinAuthenticationDemoTest", "OwinAuthenticationDemoTest\OwinAuthenticationDemoTest.csproj", "{F9644DB2-C22A-40F7-B480-6F3DB3EF9F08}"
EndProject
Global
	GlobalSection(SolutionConfigurationPlatforms) = preSolution
		Debug|Any CPU = Debug|Any CPU
		Release|Any CPU = Release|Any CPU
	EndGlobalSection
	GlobalSection(ProjectConfigurationPlatforms) = postSolution
		{9A071FD2-1868-4A50-A5F3-DD18BA40BD81}.Debug|Any CPU.ActiveCfg = Debug|Any CPU
		{9A071FD2-1868-4A50-A5F3-DD18BA40BD81}.Debug|Any CPU.Build.0 = Debug|Any CPU
		{9A071FD2-1868-4A50-A5F3-DD18BA40BD81}.Release|Any CPU.ActiveCfg = Release|Any CPU
		{9A071FD2-1868-4A50-A5F3-DD18BA40BD81}.Release|Any CPU.Build.0 = Release|Any CPU
		{F9644DB2-C22A-40F7-B480-6F3DB3EF9F08}.Debug|Any CPU.ActiveCfg = Debug|Any CPU
		{F9644DB2-C22A-40F7-B480-6F3DB3EF9F08}.Debug|Any CPU.Build.0 = Debug|Any CPU
		{F9644DB2-C22A-40F7-B480-6F3DB3EF9F08}.Release|Any CPU.ActiveCfg = Release|Any CPU
		{F9644DB2-C22A-40F7-B480-6F3DB3EF9F08}.Release|Any CPU.Build.0 = Release|Any CPU
	EndGlobalSection
	GlobalSection(SolutionProperties) = preSolution
		HideSolutionNode = FALSE
	EndGlobalSection
	GlobalSection(ExtensibilityGlobals) = postSolution
		SolutionGuid = {25C08B70-9DB8-4F51-95E1-08ECC5E9F14F}
	EndGlobalSection
EndGlobal
